
Microsoft Visual Studio Solution File, Format Version 12.00
# Visual Studio Version 17
VisualStudioVersion = 17.0.31919.166
MinimumVisualStudioVersion = 10.0.40219.1
Project("{FAE04EC0-301F-11D3-BF4B-00C04F79EFBC}") = "NASA-API", "NASA-API\NASA-API.csproj", "{A70CC72A-4B18-4CA9-811F-4FC257BC1209}"
EndProject
Global
	GlobalSection(SolutionConfigurationPlatforms) = preSolution
		Debug|Any CPU = Debug|Any CPU
		Release|Any CPU = Release|Any CPU
	EndGlobalSection
	GlobalSection(ProjectConfigurationPlatforms) = postSolution
		{A70CC72A-4B18-4CA9-811F-4FC257BC1209}.Debug|Any CPU.ActiveCfg = Debug|Any CPU
		{A70CC72A-4B18-4CA9-811F-4FC257BC1209}.Debug|Any CPU.Build.0 = Debug|Any CPU
		{A70CC72A-4B18-4CA9-811F-4FC257BC1209}.Release|Any CPU.ActiveCfg = Release|Any CPU
		{A70CC72A-4B18-4CA9-811F-4FC257BC1209}.Release|Any CPU.Build.0 = Release|Any CPU
	EndGlobalSection
	GlobalSection(SolutionProperties) = preSolution
		HideSolutionNode = FALSE
	EndGlobalSection
	GlobalSection(ExtensibilityGlobals) = postSolution
		SolutionGuid = {E9607357-1654-4B60-B3D5-C0CB56E1000C}
	EndGlobalSection
EndGlobal
